
Microsoft Visual Studio Solution File, Format Version 12.00
# Visual Studio Version 16
VisualStudioVersion = 16.0.32106.194
MinimumVisualStudioVersion = 10.0.40219.1
Project("{FAE04EC0-301F-11D3-BF4B-00C04F79EFBC}") = "Oscar", "Oscar\Oscar.csproj", "{31D97448-E9D7-49E1-9CE3-88D776FEEC90}"
EndProject
Global
	GlobalSection(SolutionConfigurationPlatforms) = preSolution
		Debug|Any CPU = Debug|Any CPU
		Release|Any CPU = Release|Any CPU
	EndGlobalSection
	GlobalSection(ProjectConfigurationPlatforms) = postSolution
		{31D97448-E9D7-49E1-9CE3-88D776FEEC90}.Debug|Any CPU.ActiveCfg = Debug|Any CPU
		{31D97448-E9D7-49E1-9CE3-88D776FEEC90}.Debug|Any CPU.Build.0 = Debug|Any CPU
		{31D97448-E9D7-49E1-9CE3-88D776FEEC90}.Release|Any CPU.ActiveCfg = Release|Any CPU
		{31D97448-E9D7-49E1-9CE3-88D776FEEC90}.Release|Any CPU.Build.0 = Release|Any CPU
	EndGlobalSection
	GlobalSection(SolutionProperties) = preSolution
		HideSolutionNode = FALSE
	EndGlobalSection
	GlobalSection(ExtensibilityGlobals) = postSolution
		SolutionGuid = {E232EA30-18ED-4651-A0F3-962523E745F6}
	EndGlobalSection
EndGlobal
